
Microsoft Visual Studio Solution File, Format Version 12.00
# Visual Studio Version 16
VisualStudioVersion = 16.0.31911.196
MinimumVisualStudioVersion = 10.0.40219.1
Project("{FAE04EC0-301F-11D3-BF4B-00C04F79EFBC}") = "WindowsFormsApp", "WindowsFormsApp\WindowsFormsApp.csproj", "{022A6A62-905E-4A20-8DF7-A7DBE9B26467}"
EndProject
Project("{2150E333-8FDC-42A3-9474-1A3956D46DE8}") = "UI", "UI", "{8A2C69FB-F3C5-476B-ABEB-A144B5F19FBB}"
EndProject
Project("{FAE04EC0-301F-11D3-BF4B-00C04F79EFBC}") = "DY.WebClientUI", "DY.WebClientUI\DY.WebClientUI.csproj", "{E5944DF7-C142-4392-9148-1B8B0E0D0F53}"
EndProject
Project("{2150E333-8FDC-42A3-9474-1A3956D46DE8}") = "Server", "Server", "{71752A7E-0F9E-4BDA-A5FF-921760890633}"
EndProject
Project("{2150E333-8FDC-42A3-9474-1A3956D46DE8}") = "Test", "Test", "{BEA35239-0A70-46B7-842C-B6C5FB12FD1E}"
EndProject
Project("{FAE04EC0-301F-11D3-BF4B-00C04F79EFBC}") = "DY.Data", "DY.Data\DY.Data.csproj", "{C80843F1-0F7A-404A-8024-F640111853FF}"
EndProject
Project("{FAE04EC0-301F-11D3-BF4B-00C04F79EFBC}") = "DY.Entity", "DY.Entity\DY.Entity.csproj", "{DC7F76E2-19CB-4B8D-BDEB-3455D49225A7}"
EndProject
Project("{FAE04EC0-301F-11D3-BF4B-00C04F79EFBC}") = "DY.Service", "DY.Service\DY.Service.csproj", "{9BB78775-BF91-4006-8889-5B1E5353750D}"
EndProject
Project("{2150E333-8FDC-42A3-9474-1A3956D46DE8}") = "Service", "Service", "{2C248892-5277-475E-AEF2-59009DDE5E05}"
EndProject
Project("{2150E333-8FDC-42A3-9474-1A3956D46DE8}") = "Shared", "Shared", "{192FEB9D-DA3A-4880-A5E2-A2416EFCAD45}"
EndProject
Project("{FAE04EC0-301F-11D3-BF4B-00C04F79EFBC}") = "DY.Log", "DY.Log\DY.Log.csproj", "{F369FCA5-F9A1-45BE-B02E-BD5392249564}"
EndProject
Project("{FAE04EC0-301F-11D3-BF4B-00C04F79EFBC}") = "DY.ExceptionHandling", "DY.ExceptionHandling\DY.ExceptionHandling.csproj", "{D3143767-A91B-465E-BA71-0DC18D4B2550}"
EndProject
Project("{FAE04EC0-301F-11D3-BF4B-00C04F79EFBC}") = "DY.Configuration", "DY.Configuration\DY.Configuration.csproj", "{3380DFC5-C0AC-4D3F-97AC-A1658B4FF79F}"
EndProject
Project("{FAE04EC0-301F-11D3-BF4B-00C04F79EFBC}") = "DY.Extensions", "DY.Extensions\DY.Extensions.csproj", "{AD790692-493E-47C9-9161-578E74E556A2}"
EndProject
Global
	GlobalSection(SolutionConfigurationPlatforms) = preSolution
		Debug|Any CPU = Debug|Any CPU
		Release|Any CPU = Release|Any CPU
	EndGlobalSection
	GlobalSection(ProjectConfigurationPlatforms) = postSolution
		{022A6A62-905E-4A20-8DF7-A7DBE9B26467}.Debug|Any CPU.ActiveCfg = Debug|Any CPU
		{022A6A62-905E-4A20-8DF7-A7DBE9B26467}.Debug|Any CPU.Build.0 = Debug|Any CPU
		{022A6A62-905E-4A20-8DF7-A7DBE9B26467}.Release|Any CPU.ActiveCfg = Release|Any CPU
		{022A6A62-905E-4A20-8DF7-A7DBE9B26467}.Release|Any CPU.Build.0 = Release|Any CPU
		{E5944DF7-C142-4392-9148-1B8B0E0D0F53}.Debug|Any CPU.ActiveCfg = Debug|Any CPU
		{E5944DF7-C142-4392-9148-1B8B0E0D0F53}.Debug|Any CPU.Build.0 = Debug|Any CPU
		{E5944DF7-C142-4392-9148-1B8B0E0D0F53}.Release|Any CPU.ActiveCfg = Release|Any CPU
		{E5944DF7-C142-4392-9148-1B8B0E0D0F53}.Release|Any CPU.Build.0 = Release|Any CPU
		{C80843F1-0F7A-404A-8024-F640111853FF}.Debug|Any CPU.ActiveCfg = Debug|Any CPU
		{C80843F1-0F7A-404A-8024-F640111853FF}.Debug|Any CPU.Build.0 = Debug|Any CPU
		{C80843F1-0F7A-404A-8024-F640111853FF}.Release|Any CPU.ActiveCfg = Release|Any CPU
		{C80843F1-0F7A-404A-8024-F640111853FF}.Release|Any CPU.Build.0 = Release|Any CPU
		{DC7F76E2-19CB-4B8D-BDEB-3455D49225A7}.Debug|Any CPU.ActiveCfg = Debug|Any CPU
		{DC7F76E2-19CB-4B8D-BDEB-3455D49225A7}.Debug|Any CPU.Build.0 = Debug|Any CPU
		{DC7F76E2-19CB-4B8D-BDEB-3455D49225A7}.Release|Any CPU.ActiveCfg = Release|Any CPU
		{DC7F76E2-19CB-4B8D-BDEB-3455D49225A7}.Release|Any CPU.Build.0 = Release|Any CPU
		{9BB78775-BF91-4006-8889-5B1E5353750D}.Debug|Any CPU.ActiveCfg = Debug|Any CPU
		{9BB78775-BF91-4006-8889-5B1E5353750D}.Debug|Any CPU.Build.0 = Debug|Any CPU
		{9BB78775-BF91-4006-8889-5B1E5353750D}.Release|Any CPU.ActiveCfg = Release|Any CPU
		{9BB78775-BF91-4006-8889-5B1E5353750D}.Release|Any CPU.Build.0 = Release|Any CPU
		{F369FCA5-F9A1-45BE-B02E-BD5392249564}.Debug|Any CPU.ActiveCfg = Debug|Any CPU
		{F369FCA5-F9A1-45BE-B02E-BD5392249564}.Debug|Any CPU.Build.0 = Debug|Any CPU
		{F369FCA5-F9A1-45BE-B02E-BD5392249564}.Release|Any CPU.ActiveCfg = Release|Any CPU
		{F369FCA5-F9A1-45BE-B02E-BD5392249564}.Release|Any CPU.Build.0 = Release|Any CPU
		{D3143767-A91B-465E-BA71-0DC18D4B2550}.Debug|Any CPU.ActiveCfg = Debug|Any CPU
		{D3143767-A91B-465E-BA71-0DC18D4B2550}.Debug|Any CPU.Build.0 = Debug|Any CPU
		{D3143767-A91B-465E-BA71-0DC18D4B2550}.Release|Any CPU.ActiveCfg = Release|Any CPU
		{D3143767-A91B-465E-BA71-0DC18D4B2550}.Release|Any CPU.Build.0 = Release|Any CPU
		{3380DFC5-C0AC-4D3F-97AC-A1658B4FF79F}.Debug|Any CPU.ActiveCfg = Debug|Any CPU
		{3380DFC5-C0AC-4D3F-97AC-A1658B4FF79F}.Debug|Any CPU.Build.0 = Debug|Any CPU
		{3380DFC5-C0AC-4D3F-97AC-A1658B4FF79F}.Release|Any CPU.ActiveCfg = Release|Any CPU
		{3380DFC5-C0AC-4D3F-97AC-A1658B4FF79F}.Release|Any CPU.Build.0 = Release|Any CPU
		{AD790692-493E-47C9-9161-578E74E556A2}.Debug|Any CPU.ActiveCfg = Debug|Any CPU
		{AD790692-493E-47C9-9161-578E74E556A2}.Debug|Any CPU.Build.0 = Debug|Any CPU
		{AD790692-493E-47C9-9161-578E74E556A2}.Release|Any CPU.ActiveCfg = Release|Any CPU
		{AD790692-493E-47C9-9161-578E74E556A2}.Release|Any CPU.Build.0 = Release|Any CPU
	EndGlobalSection
	GlobalSection(SolutionProperties) = preSolution
		HideSolutionNode = FALSE
	EndGlobalSection
	GlobalSection(NestedProjects) = preSolution
		{022A6A62-905E-4A20-8DF7-A7DBE9B26467} = {71752A7E-0F9E-4BDA-A5FF-921760890633}
		{E5944DF7-C142-4392-9148-1B8B0E0D0F53} = {8A2C69FB-F3C5-476B-ABEB-A144B5F19FBB}
		{C80843F1-0F7A-404A-8024-F640111853FF} = {71752A7E-0F9E-4BDA-A5FF-921760890633}
		{DC7F76E2-19CB-4B8D-BDEB-3455D49225A7} = {71752A7E-0F9E-4BDA-A5FF-921760890633}
		{9BB78775-BF91-4006-8889-5B1E5353750D} = {2C248892-5277-475E-AEF2-59009DDE5E05}
		{F369FCA5-F9A1-45BE-B02E-BD5392249564} = {192FEB9D-DA3A-4880-A5E2-A2416EFCAD45}
		{D3143767-A91B-465E-BA71-0DC18D4B2550} = {192FEB9D-DA3A-4880-A5E2-A2416EFCAD45}
		{3380DFC5-C0AC-4D3F-97AC-A1658B4FF79F} = {192FEB9D-DA3A-4880-A5E2-A2416EFCAD45}
		{AD790692-493E-47C9-9161-578E74E556A2} = {192FEB9D-DA3A-4880-A5E2-A2416EFCAD45}
	EndGlobalSection
	GlobalSection(ExtensibilityGlobals) = postSolution
		SolutionGuid = {AD76141E-1806-40EA-A277-D459FE139BC5}
	EndGlobalSection
EndGlobal
